
Microsoft Visual Studio Solution File, Format Version 12.00
# Visual Studio Version 17
VisualStudioVersion = 17.7.34031.279
MinimumVisualStudioVersion = 10.0.40219.1
Project("{FAE04EC0-301F-11D3-BF4B-00C04F79EFBC}") = "FinalPaint", "FinalPaint.csproj", "{A80020AC-96C0-44C0-9101-8A702D28C3C8}"
EndProject
Global
	GlobalSection(SolutionConfigurationPlatforms) = preSolution
		Debug|Any CPU = Debug|Any CPU
		Release|Any CPU = Release|Any CPU
	EndGlobalSection
	GlobalSection(ProjectConfigurationPlatforms) = postSolution
		{A80020AC-96C0-44C0-9101-8A702D28C3C8}.Debug|Any CPU.ActiveCfg = Debug|Any CPU
		{A80020AC-96C0-44C0-9101-8A702D28C3C8}.Debug|Any CPU.Build.0 = Debug|Any CPU
		{A80020AC-96C0-44C0-9101-8A702D28C3C8}.Release|Any CPU.ActiveCfg = Release|Any CPU
		{A80020AC-96C0-44C0-9101-8A702D28C3C8}.Release|Any CPU.Build.0 = Release|Any CPU
	EndGlobalSection
	GlobalSection(SolutionProperties) = preSolution
		HideSolutionNode = FALSE
	EndGlobalSection
	GlobalSection(ExtensibilityGlobals) = postSolution
		SolutionGuid = {8876F562-7D46-4160-9537-F2FC3F5735B9}
	EndGlobalSection
EndGlobal
